
Microsoft Visual Studio Solution File, Format Version 12.00
# Visual Studio Version 17
VisualStudioVersion = 17.0.32014.148
MinimumVisualStudioVersion = 10.0.40219.1
Project("{9A19103F-16F7-4668-BE54-9A1E7A4F7556}") = "GitHubPullRequestsPlayground", "GitHubPullRequestsPlayground\GitHubPullRequestsPlayground.csproj", "{39C06429-481F-4E8A-8E14-B2CC9D1E5D61}"
EndProject
Project("{FAE04EC0-301F-11D3-BF4B-00C04F79EFBC}") = "VmSizeJsonToMarkdownPlayground", "VmSizeJsonToMarkdownPlayground\VmSizeJsonToMarkdownPlayground.csproj", "{AC260D42-E437-4F77-B1B6-3E05DF7BB60D}"
EndProject
Global
	GlobalSection(SolutionConfigurationPlatforms) = preSolution
		Debug|Any CPU = Debug|Any CPU
		Release|Any CPU = Release|Any CPU
	EndGlobalSection
	GlobalSection(ProjectConfigurationPlatforms) = postSolution
		{39C06429-481F-4E8A-8E14-B2CC9D1E5D61}.Debug|Any CPU.ActiveCfg = Debug|Any CPU
		{39C06429-481F-4E8A-8E14-B2CC9D1E5D61}.Debug|Any CPU.Build.0 = Debug|Any CPU
		{39C06429-481F-4E8A-8E14-B2CC9D1E5D61}.Release|Any CPU.ActiveCfg = Release|Any CPU
		{39C06429-481F-4E8A-8E14-B2CC9D1E5D61}.Release|Any CPU.Build.0 = Release|Any CPU
		{AC260D42-E437-4F77-B1B6-3E05DF7BB60D}.Debug|Any CPU.ActiveCfg = Debug|Any CPU
		{AC260D42-E437-4F77-B1B6-3E05DF7BB60D}.Debug|Any CPU.Build.0 = Debug|Any CPU
		{AC260D42-E437-4F77-B1B6-3E05DF7BB60D}.Release|Any CPU.ActiveCfg = Release|Any CPU
		{AC260D42-E437-4F77-B1B6-3E05DF7BB60D}.Release|Any CPU.Build.0 = Release|Any CPU
	EndGlobalSection
	GlobalSection(SolutionProperties) = preSolution
		HideSolutionNode = FALSE
	EndGlobalSection
	GlobalSection(ExtensibilityGlobals) = postSolution
		SolutionGuid = {AE85B71A-58CF-4384-8063-50A9EF83249B}
	EndGlobalSection
EndGlobal
